
Microsoft Visual Studio Solution File, Format Version 12.00
# Visual Studio Version 17
VisualStudioVersion = 17.9.34728.123
MinimumVisualStudioVersion = 10.0.40219.1
Project("{FAE04EC0-301F-11D3-BF4B-00C04F79EFBC}") = "cs2-app", "cs2-app\cs2-app.csproj", "{06759931-213B-4AD5-9C83-C8750D87A5D5}"
EndProject
Global
	GlobalSection(SolutionConfigurationPlatforms) = preSolution
		Debug|Any CPU = Debug|Any CPU
		Release|Any CPU = Release|Any CPU
	EndGlobalSection
	GlobalSection(ProjectConfigurationPlatforms) = postSolution
		{06759931-213B-4AD5-9C83-C8750D87A5D5}.Debug|Any CPU.ActiveCfg = Debug|Any CPU
		{06759931-213B-4AD5-9C83-C8750D87A5D5}.Debug|Any CPU.Build.0 = Debug|Any CPU
		{06759931-213B-4AD5-9C83-C8750D87A5D5}.Release|Any CPU.ActiveCfg = Release|Any CPU
		{06759931-213B-4AD5-9C83-C8750D87A5D5}.Release|Any CPU.Build.0 = Release|Any CPU
	EndGlobalSection
	GlobalSection(SolutionProperties) = preSolution
		HideSolutionNode = FALSE
	EndGlobalSection
	GlobalSection(ExtensibilityGlobals) = postSolution
		SolutionGuid = {C72F7960-9392-4862-AB38-683E1AF5F547}
	EndGlobalSection
EndGlobal
